
Microsoft Visual Studio Solution File, Format Version 12.00
# Visual Studio Version 17
VisualStudioVersion = 17.4.33213.308
MinimumVisualStudioVersion = 10.0.40219.1
Project("{FAE04EC0-301F-11D3-BF4B-00C04F79EFBC}") = "Recrutement_API", "Recrutement_API\Recrutement_API.csproj", "{B5162EAF-501E-4214-84E2-6AB6D1B6EAF9}"
EndProject
Project("{FAE04EC0-301F-11D3-BF4B-00C04F79EFBC}") = "Entities", "Entities\Entities.csproj", "{69E14B30-4271-4364-A2CB-24BBDB3387E8}"
EndProject
Project("{FAE04EC0-301F-11D3-BF4B-00C04F79EFBC}") = "Services", "Services\Services.csproj", "{0FF445C6-96D5-4B2D-998E-ABC07268641E}"
EndProject
Project("{FAE04EC0-301F-11D3-BF4B-00C04F79EFBC}") = "Data", "Data\Data.csproj", "{85EE27CA-0301-4047-950C-F3EE9D4C8E4D}"
EndProject
Global
	GlobalSection(SolutionConfigurationPlatforms) = preSolution
		Debug|Any CPU = Debug|Any CPU
		Release|Any CPU = Release|Any CPU
	EndGlobalSection
	GlobalSection(ProjectConfigurationPlatforms) = postSolution
		{B5162EAF-501E-4214-84E2-6AB6D1B6EAF9}.Debug|Any CPU.ActiveCfg = Debug|Any CPU
		{B5162EAF-501E-4214-84E2-6AB6D1B6EAF9}.Debug|Any CPU.Build.0 = Debug|Any CPU
		{B5162EAF-501E-4214-84E2-6AB6D1B6EAF9}.Release|Any CPU.ActiveCfg = Release|Any CPU
		{B5162EAF-501E-4214-84E2-6AB6D1B6EAF9}.Release|Any CPU.Build.0 = Release|Any CPU
		{69E14B30-4271-4364-A2CB-24BBDB3387E8}.Debug|Any CPU.ActiveCfg = Debug|Any CPU
		{69E14B30-4271-4364-A2CB-24BBDB3387E8}.Debug|Any CPU.Build.0 = Debug|Any CPU
		{69E14B30-4271-4364-A2CB-24BBDB3387E8}.Release|Any CPU.ActiveCfg = Release|Any CPU
		{69E14B30-4271-4364-A2CB-24BBDB3387E8}.Release|Any CPU.Build.0 = Release|Any CPU
		{0FF445C6-96D5-4B2D-998E-ABC07268641E}.Debug|Any CPU.ActiveCfg = Debug|Any CPU
		{0FF445C6-96D5-4B2D-998E-ABC07268641E}.Debug|Any CPU.Build.0 = Debug|Any CPU
		{0FF445C6-96D5-4B2D-998E-ABC07268641E}.Release|Any CPU.ActiveCfg = Release|Any CPU
		{0FF445C6-96D5-4B2D-998E-ABC07268641E}.Release|Any CPU.Build.0 = Release|Any CPU
		{85EE27CA-0301-4047-950C-F3EE9D4C8E4D}.Debug|Any CPU.ActiveCfg = Debug|Any CPU
		{85EE27CA-0301-4047-950C-F3EE9D4C8E4D}.Debug|Any CPU.Build.0 = Debug|Any CPU
		{85EE27CA-0301-4047-950C-F3EE9D4C8E4D}.Release|Any CPU.ActiveCfg = Release|Any CPU
		{85EE27CA-0301-4047-950C-F3EE9D4C8E4D}.Release|Any CPU.Build.0 = Release|Any CPU
	EndGlobalSection
	GlobalSection(SolutionProperties) = preSolution
		HideSolutionNode = FALSE
	EndGlobalSection
	GlobalSection(ExtensibilityGlobals) = postSolution
		SolutionGuid = {A8A5B273-B903-487D-BD8E-D5CDA808C521}
	EndGlobalSection
EndGlobal
